
Microsoft Visual Studio Solution File, Format Version 12.00
# Visual Studio Version 17
VisualStudioVersion = 17.5.002.0
MinimumVisualStudioVersion = 10.0.40219.1
Project("{9A19103F-16F7-4668-BE54-9A1E7A4F7556}") = "TextEditor", "TextEditor.csproj", "{91213CCE-ACD3-45F6-BE61-487F129E60AB}"
EndProject
Global
	GlobalSection(SolutionConfigurationPlatforms) = preSolution
		Debug|Any CPU = Debug|Any CPU
		Release|Any CPU = Release|Any CPU
	EndGlobalSection
	GlobalSection(ProjectConfigurationPlatforms) = postSolution
		{91213CCE-ACD3-45F6-BE61-487F129E60AB}.Debug|Any CPU.ActiveCfg = Debug|Any CPU
		{91213CCE-ACD3-45F6-BE61-487F129E60AB}.Debug|Any CPU.Build.0 = Debug|Any CPU
		{91213CCE-ACD3-45F6-BE61-487F129E60AB}.Release|Any CPU.ActiveCfg = Release|Any CPU
		{91213CCE-ACD3-45F6-BE61-487F129E60AB}.Release|Any CPU.Build.0 = Release|Any CPU
	EndGlobalSection
	GlobalSection(SolutionProperties) = preSolution
		HideSolutionNode = FALSE
	EndGlobalSection
	GlobalSection(ExtensibilityGlobals) = postSolution
		SolutionGuid = {BADC31EF-3DC1-4434-817F-B9EC6DBD939A}
	EndGlobalSection
EndGlobal
